
Microsoft Visual Studio Solution File, Format Version 12.00
# Visual Studio Version 17
VisualStudioVersion = 17.10.34916.146
MinimumVisualStudioVersion = 10.0.40219.1
Project("{9A19103F-16F7-4668-BE54-9A1E7A4F7556}") = "HW2_Task_1", "ConsoleApp_Homework_2\HW2_Task_1.csproj", "{E44F44E6-7089-41D4-8B3E-62EBEC5FCD0B}"
EndProject
Project("{9A19103F-16F7-4668-BE54-9A1E7A4F7556}") = "HW2_Task_2", "Task_2\HW2_Task_2.csproj", "{C4EA9BD5-2DD0-4D0C-B353-DD282D2D7DB6}"
EndProject
Project("{9A19103F-16F7-4668-BE54-9A1E7A4F7556}") = "HW2_Task_3", "Task_3\HW2_Task_3.csproj", "{AEAAC809-25AF-45E9-856D-CB4FC446DE0E}"
EndProject
Project("{9A19103F-16F7-4668-BE54-9A1E7A4F7556}") = "HW2_Task_4", "Task_4\HW2_Task_4.csproj", "{FAFA260B-6F85-4117-B9A6-69F9EE3AEF41}"
EndProject
Project("{9A19103F-16F7-4668-BE54-9A1E7A4F7556}") = "HW3_Task_2_Calculator", "HW3_Task_2_Calculator\HW3_Task_2_Calculator.csproj", "{75AF8B1D-FF1B-4135-AAC6-7D62979F418F}"
EndProject
Project("{9A19103F-16F7-4668-BE54-9A1E7A4F7556}") = "HW3_Task_3_Ranges", "HW3_Task_3_Ranges\HW3_Task_3_Ranges.csproj", "{AF509C60-211F-4CAB-BFE5-0D47687D8E24}"
EndProject
Project("{9A19103F-16F7-4668-BE54-9A1E7A4F7556}") = "HW4_Task_2_Two_numbers", "HW4_Task_2_Two_numbers\HW4_Task_2_Two_numbers.csproj", "{B5E5BFC1-C46F-4021-BB8F-29AAF641230B}"
EndProject
Project("{9A19103F-16F7-4668-BE54-9A1E7A4F7556}") = "HW4_Task_3_Figures", "HW4_Task_3_Figures\HW4_Task_3_Figures.csproj", "{DCB34D24-DA5A-4F65-85DF-E475FC3591B1}"
EndProject
Project("{9A19103F-16F7-4668-BE54-9A1E7A4F7556}") = "HW4_Task_4_Logistics", "HW4_Task_4_Logistics\HW4_Task_4_Logistics.csproj", "{3E349689-9F6B-4B25-9F9E-B1E75424A616}"
EndProject
Project("{9A19103F-16F7-4668-BE54-9A1E7A4F7556}") = "HW5_Task_2_Methods_Creation", "HW5_Task_2_Methods_Creation\HW5_Task_2_Methods_Creation.csproj", "{502A953D-6135-4CB0-8584-0EA9F27417BE}"
EndProject
Project("{9A19103F-16F7-4668-BE54-9A1E7A4F7556}") = "HW5_Task3_Currency_Converter", "HW5_Task3_Currency_Converter\HW5_Task3_Currency_Converter.csproj", "{CFCD7067-CED3-4B03-B7CD-9D873E3FAB3C}"
EndProject
Project("{9A19103F-16F7-4668-BE54-9A1E7A4F7556}") = "HW5_Task_4_Numbers", "HW5_Task_4_Numbers\HW5_Task_4_Numbers.csproj", "{15315E47-B858-4819-A5B2-B3746E12A30E}"
EndProject
Project("{9A19103F-16F7-4668-BE54-9A1E7A4F7556}") = "HW6_Task2_Array_Exploring", "HW6_Task2_Array_Exploring\HW6_Task2_Array_Exploring.csproj", "{242716F9-EA07-4EBF-85AB-D7351F1B9BE1}"
EndProject
Project("{FAE04EC0-301F-11D3-BF4B-00C04F79EFBC}") = "HW6_Task3_Methods_Creation", "HW6_Task3_Methods_Creation\HW6_Task3_Methods_Creation.csproj", "{E5A634FD-7A29-4BD7-B82D-54BA2F882883}"
EndProject
Project("{FAE04EC0-301F-11D3-BF4B-00C04F79EFBC}") = "HW6_Task3_Methods_Creation1", "HW6_Task3_Methods_Creation1\HW6_Task3_Methods_Creation1.csproj", "{6F6C47CA-78FF-47E1-8D7F-F11A86BF3422}"
EndProject
Global
	GlobalSection(SolutionConfigurationPlatforms) = preSolution
		Debug|Any CPU = Debug|Any CPU
		Release|Any CPU = Release|Any CPU
	EndGlobalSection
	GlobalSection(ProjectConfigurationPlatforms) = postSolution
		{E44F44E6-7089-41D4-8B3E-62EBEC5FCD0B}.Debug|Any CPU.ActiveCfg = Debug|Any CPU
		{E44F44E6-7089-41D4-8B3E-62EBEC5FCD0B}.Debug|Any CPU.Build.0 = Debug|Any CPU
		{E44F44E6-7089-41D4-8B3E-62EBEC5FCD0B}.Release|Any CPU.ActiveCfg = Release|Any CPU
		{E44F44E6-7089-41D4-8B3E-62EBEC5FCD0B}.Release|Any CPU.Build.0 = Release|Any CPU
		{C4EA9BD5-2DD0-4D0C-B353-DD282D2D7DB6}.Debug|Any CPU.ActiveCfg = Debug|Any CPU
		{C4EA9BD5-2DD0-4D0C-B353-DD282D2D7DB6}.Debug|Any CPU.Build.0 = Debug|Any CPU
		{C4EA9BD5-2DD0-4D0C-B353-DD282D2D7DB6}.Release|Any CPU.ActiveCfg = Release|Any CPU
		{C4EA9BD5-2DD0-4D0C-B353-DD282D2D7DB6}.Release|Any CPU.Build.0 = Release|Any CPU
		{AEAAC809-25AF-45E9-856D-CB4FC446DE0E}.Debug|Any CPU.ActiveCfg = Debug|Any CPU
		{AEAAC809-25AF-45E9-856D-CB4FC446DE0E}.Debug|Any CPU.Build.0 = Debug|Any CPU
		{AEAAC809-25AF-45E9-856D-CB4FC446DE0E}.Release|Any CPU.ActiveCfg = Release|Any CPU
		{AEAAC809-25AF-45E9-856D-CB4FC446DE0E}.Release|Any CPU.Build.0 = Release|Any CPU
		{FAFA260B-6F85-4117-B9A6-69F9EE3AEF41}.Debug|Any CPU.ActiveCfg = Debug|Any CPU
		{FAFA260B-6F85-4117-B9A6-69F9EE3AEF41}.Debug|Any CPU.Build.0 = Debug|Any CPU
		{FAFA260B-6F85-4117-B9A6-69F9EE3AEF41}.Release|Any CPU.ActiveCfg = Release|Any CPU
		{FAFA260B-6F85-4117-B9A6-69F9EE3AEF41}.Release|Any CPU.Build.0 = Release|Any CPU
		{75AF8B1D-FF1B-4135-AAC6-7D62979F418F}.Debug|Any CPU.ActiveCfg = Debug|Any CPU
		{75AF8B1D-FF1B-4135-AAC6-7D62979F418F}.Debug|Any CPU.Build.0 = Debug|Any CPU
		{75AF8B1D-FF1B-4135-AAC6-7D62979F418F}.Release|Any CPU.ActiveCfg = Release|Any CPU
		{75AF8B1D-FF1B-4135-AAC6-7D62979F418F}.Release|Any CPU.Build.0 = Release|Any CPU
		{AF509C60-211F-4CAB-BFE5-0D47687D8E24}.Debug|Any CPU.ActiveCfg = Debug|Any CPU
		{AF509C60-211F-4CAB-BFE5-0D47687D8E24}.Debug|Any CPU.Build.0 = Debug|Any CPU
		{AF509C60-211F-4CAB-BFE5-0D47687D8E24}.Release|Any CPU.ActiveCfg = Release|Any CPU
		{AF509C60-211F-4CAB-BFE5-0D47687D8E24}.Release|Any CPU.Build.0 = Release|Any CPU
		{B5E5BFC1-C46F-4021-BB8F-29AAF641230B}.Debug|Any CPU.ActiveCfg = Debug|Any CPU
		{B5E5BFC1-C46F-4021-BB8F-29AAF641230B}.Debug|Any CPU.Build.0 = Debug|Any CPU
		{B5E5BFC1-C46F-4021-BB8F-29AAF641230B}.Release|Any CPU.ActiveCfg = Release|Any CPU
		{B5E5BFC1-C46F-4021-BB8F-29AAF641230B}.Release|Any CPU.Build.0 = Release|Any CPU
		{DCB34D24-DA5A-4F65-85DF-E475FC3591B1}.Debug|Any CPU.ActiveCfg = Debug|Any CPU
		{DCB34D24-DA5A-4F65-85DF-E475FC3591B1}.Debug|Any CPU.Build.0 = Debug|Any CPU
		{DCB34D24-DA5A-4F65-85DF-E475FC3591B1}.Release|Any CPU.ActiveCfg = Release|Any CPU
		{DCB34D24-DA5A-4F65-85DF-E475FC3591B1}.Release|Any CPU.Build.0 = Release|Any CPU
		{3E349689-9F6B-4B25-9F9E-B1E75424A616}.Debug|Any CPU.ActiveCfg = Debug|Any CPU
		{3E349689-9F6B-4B25-9F9E-B1E75424A616}.Debug|Any CPU.Build.0 = Debug|Any CPU
		{3E349689-9F6B-4B25-9F9E-B1E75424A616}.Release|Any CPU.ActiveCfg = Release|Any CPU
		{3E349689-9F6B-4B25-9F9E-B1E75424A616}.Release|Any CPU.Build.0 = Release|Any CPU
		{502A953D-6135-4CB0-8584-0EA9F27417BE}.Debug|Any CPU.ActiveCfg = Debug|Any CPU
		{502A953D-6135-4CB0-8584-0EA9F27417BE}.Debug|Any CPU.Build.0 = Debug|Any CPU
		{502A953D-6135-4CB0-8584-0EA9F27417BE}.Release|Any CPU.ActiveCfg = Release|Any CPU
		{502A953D-6135-4CB0-8584-0EA9F27417BE}.Release|Any CPU.Build.0 = Release|Any CPU
		{CFCD7067-CED3-4B03-B7CD-9D873E3FAB3C}.Debug|Any CPU.ActiveCfg = Debug|Any CPU
		{CFCD7067-CED3-4B03-B7CD-9D873E3FAB3C}.Debug|Any CPU.Build.0 = Debug|Any CPU
		{CFCD7067-CED3-4B03-B7CD-9D873E3FAB3C}.Release|Any CPU.ActiveCfg = Release|Any CPU
		{CFCD7067-CED3-4B03-B7CD-9D873E3FAB3C}.Release|Any CPU.Build.0 = Release|Any CPU
		{15315E47-B858-4819-A5B2-B3746E12A30E}.Debug|Any CPU.ActiveCfg = Debug|Any CPU
		{15315E47-B858-4819-A5B2-B3746E12A30E}.Debug|Any CPU.Build.0 = Debug|Any CPU
		{15315E47-B858-4819-A5B2-B3746E12A30E}.Release|Any CPU.ActiveCfg = Release|Any CPU
		{15315E47-B858-4819-A5B2-B3746E12A30E}.Release|Any CPU.Build.0 = Release|Any CPU
		{242716F9-EA07-4EBF-85AB-D7351F1B9BE1}.Debug|Any CPU.ActiveCfg = Debug|Any CPU
		{242716F9-EA07-4EBF-85AB-D7351F1B9BE1}.Debug|Any CPU.Build.0 = Debug|Any CPU
		{242716F9-EA07-4EBF-85AB-D7351F1B9BE1}.Release|Any CPU.ActiveCfg = Release|Any CPU
		{242716F9-EA07-4EBF-85AB-D7351F1B9BE1}.Release|Any CPU.Build.0 = Release|Any CPU
		{E5A634FD-7A29-4BD7-B82D-54BA2F882883}.Debug|Any CPU.ActiveCfg = Debug|Any CPU
		{E5A634FD-7A29-4BD7-B82D-54BA2F882883}.Debug|Any CPU.Build.0 = Debug|Any CPU
		{E5A634FD-7A29-4BD7-B82D-54BA2F882883}.Release|Any CPU.ActiveCfg = Release|Any CPU
		{E5A634FD-7A29-4BD7-B82D-54BA2F882883}.Release|Any CPU.Build.0 = Release|Any CPU
		{6F6C47CA-78FF-47E1-8D7F-F11A86BF3422}.Debug|Any CPU.ActiveCfg = Debug|Any CPU
		{6F6C47CA-78FF-47E1-8D7F-F11A86BF3422}.Debug|Any CPU.Build.0 = Debug|Any CPU
		{6F6C47CA-78FF-47E1-8D7F-F11A86BF3422}.Release|Any CPU.ActiveCfg = Release|Any CPU
		{6F6C47CA-78FF-47E1-8D7F-F11A86BF3422}.Release|Any CPU.Build.0 = Release|Any CPU
	EndGlobalSection
	GlobalSection(SolutionProperties) = preSolution
		HideSolutionNode = FALSE
	EndGlobalSection
	GlobalSection(ExtensibilityGlobals) = postSolution
		SolutionGuid = {7A9C844D-25B8-448F-AA71-FC76AC62E0FF}
	EndGlobalSection
EndGlobal
